
Microsoft Visual Studio Solution File, Format Version 12.00
# Visual Studio Version 17
VisualStudioVersion = 17.7.34221.43
MinimumVisualStudioVersion = 10.0.40219.1
Project("{9A19103F-16F7-4668-BE54-9A1E7A4F7556}") = "Stage0", "Stage0\Stage0.csproj", "{829A4099-5BD8-446C-B4B1-2A3C9B0F3F7E}"
EndProject
Project("{2150E333-8FDC-42A3-9474-1A3956D46DE8}") = "Solution Items", "Solution Items", "{24178EFE-48D0-439C-96AC-4A94FD6D0F67}"
	ProjectSection(SolutionItems) = preProject
		README.md = README.md
	EndProjectSection
EndProject
Project("{9A19103F-16F7-4668-BE54-9A1E7A4F7556}") = "DalFacade", "DalFacade\DalFacade.csproj", "{3A2DF0A0-E61B-456D-9481-204835789D2F}"
EndProject
Project("{9A19103F-16F7-4668-BE54-9A1E7A4F7556}") = "DalList", "DalList\DalList.csproj", "{AB64F61A-E838-4122-855E-A627176E4FE1}"
EndProject
Project("{9A19103F-16F7-4668-BE54-9A1E7A4F7556}") = "DalTest", "DalTest\DalTest.csproj", "{6D95528D-50D4-40F6-90F5-33DAC52125DA}"
EndProject
Project("{9A19103F-16F7-4668-BE54-9A1E7A4F7556}") = "DalXml", "DalXml\DalXml.csproj", "{8DBCF752-2382-4E71-8E7D-229F95CEE184}"
EndProject
Project("{2150E333-8FDC-42A3-9474-1A3956D46DE8}") = "xml", "xml", "{21EA214C-7BD3-4404-9774-DF4288C069B1}"
	ProjectSection(SolutionItems) = preProject
		xml\dal-config.xml = xml\dal-config.xml
		xml\data-config.xml = xml\data-config.xml
		xml\Dependencies.xml = xml\Dependencies.xml
		xml\engineers.xml = xml\engineers.xml
		xml\tasks.xml = xml\tasks.xml
	EndProjectSection
EndProject
Project("{9A19103F-16F7-4668-BE54-9A1E7A4F7556}") = "BL", "BL\BL.csproj", "{E346FF03-837F-4087-B617-813A19050A34}"
EndProject
Project("{9A19103F-16F7-4668-BE54-9A1E7A4F7556}") = "BLTest", "BLTest\BLTest.csproj", "{55A6C858-39C7-4929-A8F0-8CD1719F3366}"
EndProject
Project("{9A19103F-16F7-4668-BE54-9A1E7A4F7556}") = "PL", "PL\PL.csproj", "{A3A68EB5-7156-42B5-85E2-C7B96BB4CA1A}"
EndProject
Global
	GlobalSection(SolutionConfigurationPlatforms) = preSolution
		Debug|Any CPU = Debug|Any CPU
		Release|Any CPU = Release|Any CPU
	EndGlobalSection
	GlobalSection(ProjectConfigurationPlatforms) = postSolution
		{829A4099-5BD8-446C-B4B1-2A3C9B0F3F7E}.Debug|Any CPU.ActiveCfg = Debug|Any CPU
		{829A4099-5BD8-446C-B4B1-2A3C9B0F3F7E}.Debug|Any CPU.Build.0 = Debug|Any CPU
		{829A4099-5BD8-446C-B4B1-2A3C9B0F3F7E}.Release|Any CPU.ActiveCfg = Release|Any CPU
		{829A4099-5BD8-446C-B4B1-2A3C9B0F3F7E}.Release|Any CPU.Build.0 = Release|Any CPU
		{3A2DF0A0-E61B-456D-9481-204835789D2F}.Debug|Any CPU.ActiveCfg = Debug|Any CPU
		{3A2DF0A0-E61B-456D-9481-204835789D2F}.Debug|Any CPU.Build.0 = Debug|Any CPU
		{3A2DF0A0-E61B-456D-9481-204835789D2F}.Release|Any CPU.ActiveCfg = Release|Any CPU
		{3A2DF0A0-E61B-456D-9481-204835789D2F}.Release|Any CPU.Build.0 = Release|Any CPU
		{AB64F61A-E838-4122-855E-A627176E4FE1}.Debug|Any CPU.ActiveCfg = Debug|Any CPU
		{AB64F61A-E838-4122-855E-A627176E4FE1}.Debug|Any CPU.Build.0 = Debug|Any CPU
		{AB64F61A-E838-4122-855E-A627176E4FE1}.Release|Any CPU.ActiveCfg = Release|Any CPU
		{AB64F61A-E838-4122-855E-A627176E4FE1}.Release|Any CPU.Build.0 = Release|Any CPU
		{6D95528D-50D4-40F6-90F5-33DAC52125DA}.Debug|Any CPU.ActiveCfg = Debug|Any CPU
		{6D95528D-50D4-40F6-90F5-33DAC52125DA}.Debug|Any CPU.Build.0 = Debug|Any CPU
		{6D95528D-50D4-40F6-90F5-33DAC52125DA}.Release|Any CPU.ActiveCfg = Release|Any CPU
		{6D95528D-50D4-40F6-90F5-33DAC52125DA}.Release|Any CPU.Build.0 = Release|Any CPU
		{8DBCF752-2382-4E71-8E7D-229F95CEE184}.Debug|Any CPU.ActiveCfg = Debug|Any CPU
		{8DBCF752-2382-4E71-8E7D-229F95CEE184}.Debug|Any CPU.Build.0 = Debug|Any CPU
		{8DBCF752-2382-4E71-8E7D-229F95CEE184}.Release|Any CPU.ActiveCfg = Release|Any CPU
		{8DBCF752-2382-4E71-8E7D-229F95CEE184}.Release|Any CPU.Build.0 = Release|Any CPU
		{E346FF03-837F-4087-B617-813A19050A34}.Debug|Any CPU.ActiveCfg = Debug|Any CPU
		{E346FF03-837F-4087-B617-813A19050A34}.Debug|Any CPU.Build.0 = Debug|Any CPU
		{E346FF03-837F-4087-B617-813A19050A34}.Release|Any CPU.ActiveCfg = Release|Any CPU
		{E346FF03-837F-4087-B617-813A19050A34}.Release|Any CPU.Build.0 = Release|Any CPU
		{55A6C858-39C7-4929-A8F0-8CD1719F3366}.Debug|Any CPU.ActiveCfg = Debug|Any CPU
		{55A6C858-39C7-4929-A8F0-8CD1719F3366}.Debug|Any CPU.Build.0 = Debug|Any CPU
		{55A6C858-39C7-4929-A8F0-8CD1719F3366}.Release|Any CPU.ActiveCfg = Release|Any CPU
		{55A6C858-39C7-4929-A8F0-8CD1719F3366}.Release|Any CPU.Build.0 = Release|Any CPU
		{A3A68EB5-7156-42B5-85E2-C7B96BB4CA1A}.Debug|Any CPU.ActiveCfg = Debug|Any CPU
		{A3A68EB5-7156-42B5-85E2-C7B96BB4CA1A}.Debug|Any CPU.Build.0 = Debug|Any CPU
		{A3A68EB5-7156-42B5-85E2-C7B96BB4CA1A}.Release|Any CPU.ActiveCfg = Release|Any CPU
		{A3A68EB5-7156-42B5-85E2-C7B96BB4CA1A}.Release|Any CPU.Build.0 = Release|Any CPU
	EndGlobalSection
	GlobalSection(SolutionProperties) = preSolution
		HideSolutionNode = FALSE
	EndGlobalSection
	GlobalSection(ExtensibilityGlobals) = postSolution
		SolutionGuid = {28962C62-2150-49B9-BFEC-C124A6144D23}
	EndGlobalSection
EndGlobal
